Microsoft Visual Studio Solution File, Format Version 12.00
# Visual Studio Version 17
VisualStudioVersion = 17.0.31611.283
MinimumVisualStudioVersion = 10.0.40219.1
Project("{9A19103F-16F7-4668-BE54-9A1E7A4F7556}") = "Final_Project_Nishit_Patel", "Final_Project_Nishit_Patel\Final_Project_Nishit_Patel.csproj", "{5C5E8B07-F103-4CE3-B870-161F4948FE1B}"
EndProject
Global
	GlobalSection(SolutionConfigurationPlatforms) = preSolution
		Debug|Any CPU = Debug|Any CPU
		Release|Any CPU = Release|Any CPU
	EndGlobalSection
	GlobalSection(ProjectConfigurationPlatforms) = postSolution
		{5C5E8B07-F103-4CE3-B870-161F4948FE1B}.Debug|Any CPU.ActiveCfg = Debug|Any CPU
		{5C5E8B07-F103-4CE3-B870-161F4948FE1B}.Debug|Any CPU.Build.0 = Debug|Any CPU
		{5C5E8B07-F103-4CE3-B870-161F4948FE1B}.Debug|Any CPU.Deploy.0 = Debug|Any CPU
		{5C5E8B07-F103-4CE3-B870-161F4948FE1B}.Release|Any CPU.ActiveCfg = Release|Any CPU
		{5C5E8B07-F103-4CE3-B870-161F4948FE1B}.Release|Any CPU.Build.0 = Release|Any CPU
		{5C5E8B07-F103-4CE3-B870-161F4948FE1B}.Release|Any CPU.Deploy.0 = Release|Any CPU
	EndGlobalSection
	GlobalSection(SolutionProperties) = preSolution
		HideSolutionNode = FALSE
	EndGlobalSection
	GlobalSection(ExtensibilityGlobals) = postSolution
		SolutionGuid = {AE4FEEA6-64B7-4880-81AD-4A0198D1EF1F}
		        SolutionGuid = {61F7FB11-1E47-470C-91E2-47F8143E1572}
	EndGlobalSection
EndGlobal
